{
  "name": "college-satire-guild",
  "version": "0.1.0",
  "lockfileVersion": 3,
  "requires": true,
  "packages": {
    "": {
      "name": "college-satire-guild",
      "version": "0.1.0",
      "dependencies": {
        "@types/node": "20.4.5",
        "@types/react": "18.2.17",
        "@types/react-dom": "18.2.7",
        "autoprefixer": "10.4.14",
        "eslint": "8.46.0",
        "eslint-config-next": "13.4.12",
        "lucide-react": "^0.263.1",
        "next": "13.4.12",
        "postcss": "8.4.27",
        "react": "18.2.0",
        "react-dom": "18.2.0",
        "tailwindcss": "3.3.3",
        "typescript": "5.1.6"
      }
    },
    "node_modules/@next/env": {
      "version": "13.4.12",
      "resolved": "https://registry.npmjs.org/@next/env/-/env-13.4.12.tgz",
      "integrity": "sha512-RmHanbV21saP/6OEPBJ7yJMuys68cIf8OBBWd7+uj40LdpmswVAwe1uzeuFyUsd6SfeITWT3XnQfn6wULeKwDQ=="
    },
    "node_modules/next": {
      "version": "13.4.12",
      "resolved": "https://registry.npmjs.org/next/-/next-13.4.12.tgz",
      "integrity": "sha512-eHfnru9x6NRmTMcjQp6Nz0J4XH9OubmzOejnRrZOEJY4s+c8fRQI4CQz3hGfEKOgKIKnGqAeXLl3ZvTUxTvRSg==",
      "dependencies": {
        "@next/env": "13.4.12",
        "@swc/helpers": "0.5.1",
        "busboy": "1.6.0",
        "caniuse-lite": "^1.0.30001406",
        "postcss": "8.4.14",
        "styled-jsx": "5.1.1",
        "watchpack": "2.4.0",
        "zod": "3.21.4"
      },
      "bin": {
        "next": "dist/bin/next"
      },
      "engines": {
        "node": ">=16.8.0"
      },
      "optionalDependencies": {
        "@next/swc-darwin-arm64": "13.4.12",
        "@next/swc-darwin-x64": "13.4.12",
        "@next/swc-linux-arm64-gnu": "13.4.12",
        "@next/swc-linux-arm64-musl": "13.4.12",
        "@next/swc-linux-x64-gnu": "13.4.12",
        "@next/swc-linux-x64-musl": "13.4.12",
        "@next/swc-win32-arm64-msvc": "13.4.12",
        "@next/swc-win32-ia32-msvc": "13.4.12",
        "@next/swc-win32-x64-msvc": "13.4.12"
      },
      "peerDependencies": {
        "@opentelemetry/api": "^1.1.0",
        "fibers": ">= 3.1.0",
        "react": "^18.2.0",
        "react-dom": "^18.2.0",
        "sass": "^1.3.0"
      },
      "peerDependenciesMeta": {
        "@opentelemetry/api": {
          "optional": true
        },
        "fibers": {
          "optional": true
        },
        "sass": {
          "optional": true
        }
      }
    },
    "node_modules/react": {
      "version": "18.2.0",
      "resolved": "https://registry.npmjs.org/react/-/react-18.2.0.tgz",
      "integrity": "sha512-/3IjMdb2L9QbBdWiW5e3P2/npwMBaU9mHCSCUzNln0ZCYbcfTsGbTJrU/kGemdH2IWmB2ioZ+zkxtmq6g09fGQ==",
      "dependencies": {
        "loose-envify": "^1.1.0"
      },
      "engines": {
        "node": ">=0.10.0"
      }
    },
    "node_modules/react-dom": {
      "version": "18.2.0",
      "resolved": "https://registry.npmjs.org/react-dom/-/react-dom-18.2.0.tgz",
      "integrity": "sha512-6IMTriUmvsjHUjNtEDudZfuDQUoWXVxKHhlEGSk81n4YFS+r/Kl99wXiwlVXtPBtJenozv2P+hxDsw9eA7Xo6g==",
      "dependencies": {
        "loose-envify": "^1.1.0",
        "scheduler": "^0.23.0"
      },
      "peerDependencies": {
        "react": "^18.2.0"
      }
    },
    "node_modules/@next/swc-darwin-arm64": {
      "version": "15.1.4",
      "resolved": "https://registry.npmjs.org/@next/swc-darwin-arm64/-/swc-darwin-arm64-15.1.4.tgz",
      "integrity": "sha512-wBEMBs+np+R5ozN1F8Y8d/Dycns2COhRnkxRc+rvnbXke5uZBHkUGFgWxfTXn5rx7OLijuUhyfB+gC/ap58dDw==",
      "cpu": [
        "arm64"
      ],
      "optional": true,
      "os": [
        "darwin"
      ],
      "engines": {
        "node": ">= 10"
      }
    },
    "node_modules/@next/swc-darwin-x64": {
      "version": "15.1.4",
      "resolved": "https://registry.npmjs.org/@next/swc-darwin-x64/-/swc-darwin-x64-15.1.4.tgz",
      "integrity": "sha512-7sgf5rM7Z81V9w48F02Zz6DgEJulavC0jadab4ZsJ+K2sxMNK0/BtF8J8J3CxnsJN3DGcIdC260wEKssKTukUw==",
      "cpu": [
        "x64"
      ],
      "optional": true,
      "os": [
        "darwin"
      ],
      "engines": {
        "node": ">= 10"
      }
    },
    "node_modules/@next/swc-linux-arm64-gnu": {
      "version": "15.1.4",
      "resolved": "https://registry.npmjs.org/@next/swc-linux-arm64-gnu/-/swc-linux-arm64-gnu-15.1.4.tgz",
      "integrity": "sha512-JaZlIMNaJenfd55kjaLWMfok+vWBlcRxqnRoZrhFQrhM1uAehP3R0+Aoe+bZOogqlZvAz53nY/k3ZyuKDtT2zQ==",
      "cpu": [
        "arm64"
      ],
      "optional": true,
      "os": [
        "linux"
      ],
      "engines": {
        "node": ">= 10"
      }
    },
    "node_modules/@next/swc-linux-arm64-musl": {
      "version": "15.1.4",
      "resolved": "https://registry.npmjs.org/@next/swc-linux-arm64-musl/-/swc-linux-arm64-musl-15.1.4.tgz",
      "integrity": "sha512-7EBBjNoyTO2ipMDgCiORpwwOf5tIueFntKjcN3NK+GAQD7OzFJe84p7a2eQUeWdpzZvhVXuAtIen8QcH71ZCOQ==",
      "cpu": [
        "arm64"
      ],
      "optional": true,
      "os": [
        "linux"
      ],
      "engines": {
        "node": ">= 10"
      }
    },
    "node_modules/@next/swc-linux-x64-gnu": {
      "version": "15.1.4",
      "resolved": "https://registry.npmjs.org/@next/swc-linux-x64-gnu/-/swc-linux-x64-gnu-15.1.4.tgz",
      "integrity": "sha512-9TGEgOycqZFuADyFqwmK/9g6S0FYZ3tphR4ebcmCwhL8Y12FW8pIBKJvSwV+UBjMkokstGNH+9F8F031JZKpHw==",
      "cpu": [
        "x64"
      ],
      "optional": true,
      "os": [
        "linux"
      ],
      "engines": {
        "node": ">= 10"
      }
    },
    "node_modules/@next/swc-linux-x64-musl": {
      "version": "15.1.4",
      "resolved": "https://registry.npmjs.org/@next/swc-linux-x64-musl/-/swc-linux-x64-musl-15.1.4.tgz",
      "integrity": "sha512-0578bLRVDJOh+LdIoKvgNDz77+Bd85c5JrFgnlbI1SM3WmEQvsjxTA8ATu9Z9FCiIS/AliVAW2DV/BDwpXbtiQ==",
      "cpu": [
        "x64"
      ],
      "optional": true,
      "os": [
        "linux"
      ],
      "engines": {
        "node": ">= 10"
      }
    },
    "node_modules/@next/swc-win32-arm64-msvc": {
      "version": "15.1.4",
      "resolved": "https://registry.npmjs.org/@next/swc-win32-arm64-msvc/-/swc-win32-arm64-msvc-15.1.4.tgz",
      "integrity": "sha512-JgFCiV4libQavwII+kncMCl30st0JVxpPOtzWcAI2jtum4HjYaclobKhj+JsRu5tFqMtA5CJIa0MvYyuu9xjjQ==",
      "cpu": [
        "arm64"
      ],
      "optional": true,
      "os": [
        "win32"
      ],
      "engines": {
        "node": ">= 10"
      }
    },
    "node_modules/@next/swc-win32-x64-msvc": {
      "version": "15.1.4",
      "resolved": "https://registry.npmjs.org/@next/swc-win32-x64-msvc/-/swc-win32-x64-msvc-15.1.4.tgz",
      "integrity": "sha512-xxsJy9wzq7FR5SqPCUqdgSXiNXrMuidgckBa8nH9HtjjxsilgcN6VgXF6tZ3uEWuVEadotQJI8/9EQ6guTC4Yw==",
      "cpu": [
        "x64"
      ],
      "optional": true,
      "os": [
        "win32"
      ],
      "engines": {
        "node": ">= 10"
      }
    }
  }
}
